
Microsoft Visual Studio Solution File, Format Version 12.00
# Visual Studio Version 17
VisualStudioVersion = 17.5.002.0
MinimumVisualStudioVersion = 10.0.40219.1
Project("{9A19103F-16F7-4668-BE54-9A1E7A4F7556}") = "Metapersona.Contracts", "Metapersona.Contracts.csproj", "{5E76A71F-C579-4B94-8CDA-B3D5B172B4AF}"
EndProject
Global
	GlobalSection(SolutionConfigurationPlatforms) = preSolution
		Debug|Any CPU = Debug|Any CPU
		Release|Any CPU = Release|Any CPU
	EndGlobalSection
	GlobalSection(ProjectConfigurationPlatforms) = postSolution
		{5E76A71F-C579-4B94-8CDA-B3D5B172B4AF}.Debug|Any CPU.ActiveCfg = Debug|Any CPU
		{5E76A71F-C579-4B94-8CDA-B3D5B172B4AF}.Debug|Any CPU.Build.0 = Debug|Any CPU
		{5E76A71F-C579-4B94-8CDA-B3D5B172B4AF}.Release|Any CPU.ActiveCfg = Release|Any CPU
		{5E76A71F-C579-4B94-8CDA-B3D5B172B4AF}.Release|Any CPU.Build.0 = Release|Any CPU
	EndGlobalSection
	GlobalSection(SolutionProperties) = preSolution
		HideSolutionNode = FALSE
	EndGlobalSection
	GlobalSection(ExtensibilityGlobals) = postSolution
		SolutionGuid = {674B10D9-ABDA-4C35-A02D-23D6C8CAEA97}
	EndGlobalSection
EndGlobal
